
Microsoft Visual Studio Solution File, Format Version 12.00
# Visual Studio Version 17
VisualStudioVersion = 17.14.36414.22
MinimumVisualStudioVersion = 10.0.40219.1
Project("{FAE04EC0-301F-11D3-BF4B-00C04F79EFBC}") = "EFCoreExample", "EFCoreExample\EFCoreExample.csproj", "{6116D295-E9B1-4E0E-B436-48717809F38C}"
EndProject
Project("{FAE04EC0-301F-11D3-BF4B-00C04F79EFBC}") = "NetworkUtility", "NetworkUtility\NetworkUtility.csproj", "{BFB6D18F-5D40-4BCC-9AFC-BF159C4733B9}"
EndProject
Project("{FAE04EC0-301F-11D3-BF4B-00C04F79EFBC}") = "NetworkUtility.Tests", "NetworkUtility.Tests\NetworkUtility.Tests.csproj", "{9B3E63EC-A293-4CC9-93C2-4B7984A1EF34}"
EndProject
Global
	GlobalSection(SolutionConfigurationPlatforms) = preSolution
		Debug|Any CPU = Debug|Any CPU
		Release|Any CPU = Release|Any CPU
	EndGlobalSection
	GlobalSection(ProjectConfigurationPlatforms) = postSolution
		{6116D295-E9B1-4E0E-B436-48717809F38C}.Debug|Any CPU.ActiveCfg = Debug|Any CPU
		{6116D295-E9B1-4E0E-B436-48717809F38C}.Debug|Any CPU.Build.0 = Debug|Any CPU
		{6116D295-E9B1-4E0E-B436-48717809F38C}.Release|Any CPU.ActiveCfg = Release|Any CPU
		{6116D295-E9B1-4E0E-B436-48717809F38C}.Release|Any CPU.Build.0 = Release|Any CPU
		{BFB6D18F-5D40-4BCC-9AFC-BF159C4733B9}.Debug|Any CPU.ActiveCfg = Debug|Any CPU
		{BFB6D18F-5D40-4BCC-9AFC-BF159C4733B9}.Debug|Any CPU.Build.0 = Debug|Any CPU
		{BFB6D18F-5D40-4BCC-9AFC-BF159C4733B9}.Release|Any CPU.ActiveCfg = Release|Any CPU
		{BFB6D18F-5D40-4BCC-9AFC-BF159C4733B9}.Release|Any CPU.Build.0 = Release|Any CPU
		{9B3E63EC-A293-4CC9-93C2-4B7984A1EF34}.Debug|Any CPU.ActiveCfg = Debug|Any CPU
		{9B3E63EC-A293-4CC9-93C2-4B7984A1EF34}.Debug|Any CPU.Build.0 = Debug|Any CPU
		{9B3E63EC-A293-4CC9-93C2-4B7984A1EF34}.Release|Any CPU.ActiveCfg = Release|Any CPU
		{9B3E63EC-A293-4CC9-93C2-4B7984A1EF34}.Release|Any CPU.Build.0 = Release|Any CPU
	EndGlobalSection
	GlobalSection(SolutionProperties) = preSolution
		HideSolutionNode = FALSE
	EndGlobalSection
	GlobalSection(ExtensibilityGlobals) = postSolution
		SolutionGuid = {66D7EB6E-330F-4353-8082-2C14313AFA0F}
	EndGlobalSection
EndGlobal
